// !$*UTF8*$!
{
	archiveVersion = 1;
	classes = {
	};
	objectVersion = 56;
	objects = {

/* Begin PBXBuildFile section */
		6401A11B2D6F977F0057E155 /* InboxViewViewModel.swift in Sources */ = {isa = PBXBuildFile; fileRef = 6401A11A2D6F977F0057E155 /* InboxViewViewModel.swift */; };
		642E38ED2A95311C00D89852 /* LoginViewModel.swift in Sources */ = {isa = PBXBuildFile; fileRef = 642E38EC2A95311C00D89852 /* LoginViewModel.swift */; };
		642E38EF2A95317100D89852 /* RegistrationViewModel.swift in Sources */ = {isa = PBXBuildFile; fileRef = 642E38EE2A95317100D89852 /* RegistrationViewModel.swift */; };
		642E38F12A95318C00D89852 /* AuthService.swift in Sources */ = {isa = PBXBuildFile; fileRef = 642E38F02A95318C00D89852 /* AuthService.swift */; };
		644FC4142D725583003C0007 /* NewMessageViewViewModel.swift in Sources */ = {isa = PBXBuildFile; fileRef = 644FC4132D725583003C0007 /* NewMessageViewViewModel.swift */; };
		645571E92A5DBB460050558F /* CircularProfileImageView.swift in Sources */ = {isa = PBXBuildFile; fileRef = 645571E82A5DBB460050558F /* CircularProfileImageView.swift */; };
		645571EC2A5DC1040050558F /* ChatView.swift in Sources */ = {isa = PBXBuildFile; fileRef = 645571EB2A5DC1040050558F /* ChatView.swift */; };
		64612D3A2A4F619800F1BB63 /* RegistrationView.swift in Sources */ = {isa = PBXBuildFile; fileRef = 64612D392A4F619800F1BB63 /* RegistrationView.swift */; };
		647B13DC2D6E72000049D5CF /* UserService.swift in Sources */ = {isa = PBXBuildFile; fileRef = 647B13DB2D6E72000049D5CF /* UserService.swift */; };
		6482C5B82A55D2A300031393 /* ProfileView.swift in Sources */ = {isa = PBXBuildFile; fileRef = 6482C5B72A55D2A300031393 /* ProfileView.swift */; };
		6482C5BA2A5614F900031393 /* SettingsOptionsViewModel.swift in Sources */ = {isa = PBXBuildFile; fileRef = 6482C5B92A5614F900031393 /* SettingsOptionsViewModel.swift */; };
		6482C5BC2A58785D00031393 /* ProfileViewModel.swift in Sources */ = {isa = PBXBuildFile; fileRef = 6482C5BB2A58785D00031393 /* ProfileViewModel.swift */; };
		6482C5BE2A588A0300031393 /* User.swift in Sources */ = {isa = PBXBuildFile; fileRef = 6482C5BD2A588A0300031393 /* User.swift */; };
		6495F7962D77903500A1F28D /* Message.swift in Sources */ = {isa = PBXBuildFile; fileRef = 6495F7952D77903500A1F28D /* Message.swift */; };
		6495F7982D77928400A1F28D /* MessageService.swift in Sources */ = {isa = PBXBuildFile; fileRef = 6495F7972D77928400A1F28D /* MessageService.swift */; };
		64B9BE022A4AD9B70023B6D7 /* MessengerCloneApp.swift in Sources */ = {isa = PBXBuildFile; fileRef = 64B9BE012A4AD9B70023B6D7 /* MessengerCloneApp.swift */; };
		64B9BE042A4AD9B70023B6D7 /* ContentView.swift in Sources */ = {isa = PBXBuildFile; fileRef = 64B9BE032A4AD9B70023B6D7 /* ContentView.swift */; };
		64B9BE062A4AD9B80023B6D7 /* Assets.xcassets in Resources */ = {isa = PBXBuildFile; fileRef = 64B9BE052A4AD9B80023B6D7 /* Assets.xcassets */; };
		64B9BE092A4AD9B80023B6D7 /* Preview Assets.xcassets in Resources */ = {isa = PBXBuildFile; fileRef = 64B9BE082A4AD9B80023B6D7 /* Preview Assets.xcassets */; };
		64B9BE1A2A4ADB580023B6D7 /* LoginView.swift in Sources */ = {isa = PBXBuildFile; fileRef = 64B9BE192A4ADB580023B6D7 /* LoginView.swift */; };
		64B9BE202A4ADD820023B6D7 /* TextFieldModifier.swift in Sources */ = {isa = PBXBuildFile; fileRef = 64B9BE1F2A4ADD820023B6D7 /* TextFieldModifier.swift */; };
		64B9BE222A4ADF3A0023B6D7 /* CustomButtonModifier.swift in Sources */ = {isa = PBXBuildFile; fileRef = 64B9BE212A4ADF3A0023B6D7 /* CustomButtonModifier.swift */; };
		64DC3F3B2A53291400FA6DA1 /* InboxView.swift in Sources */ = {isa = PBXBuildFile; fileRef = 64DC3F3A2A53291400FA6DA1 /* InboxView.swift */; };
		64DC3F3E2A5329FC00FA6DA1 /* ActiveNowView.swift in Sources */ = {isa = PBXBuildFile; fileRef = 64DC3F3D2A5329FC00FA6DA1 /* ActiveNowView.swift */; };
		64DC3F402A534A9900FA6DA1 /* InboxRowView.swift in Sources */ = {isa = PBXBuildFile; fileRef = 64DC3F3F2A534A9900FA6DA1 /* InboxRowView.swift */; };
		64DC3F432A536D0C00FA6DA1 /* NewMessageView.swift in Sources */ = {isa = PBXBuildFile; fileRef = 64DC3F422A536D0C00FA6DA1 /* NewMessageView.swift */; };
		64E4D6802A94EE1A006969E8 /* ChatMessageCell.swift in Sources */ = {isa = PBXBuildFile; fileRef = 64E4D67F2A94EE1A006969E8 /* ChatMessageCell.swift */; };
		64E4D6822A94F1EF006969E8 /* ChatBubble.swift in Sources */ = {isa = PBXBuildFile; fileRef = 64E4D6812A94F1EF006969E8 /* ChatBubble.swift */; };
		64E4D6842A9520C9006969E8 /* GoogleService-Info.plist in Resources */ = {isa = PBXBuildFile; fileRef = 64E4D6832A9520C9006969E8 /* GoogleService-Info.plist */; };
		64E4D6872A952168006969E8 /* FirebaseAuth in Frameworks */ = {isa = PBXBuildFile; productRef = 64E4D6862A952168006969E8 /* FirebaseAuth */; };
		64E4D6892A952168006969E8 /* FirebaseFirestore in Frameworks */ = {isa = PBXBuildFile; productRef = 64E4D6882A952168006969E8 /* FirebaseFirestore */; };
		64E4D68B2A952168006969E8 /* FirebaseFirestoreSwift in Frameworks */ = {isa = PBXBuildFile; productRef = 64E4D68A2A952168006969E8 /* FirebaseFirestoreSwift */; };
		64E4D68D2A952168006969E8 /* FirebaseStorage in Frameworks */ = {isa = PBXBuildFile; productRef = 64E4D68C2A952168006969E8 /* FirebaseStorage */; };
		64E665762A9A92B300E41D4D /* ContentViewModel.swift in Sources */ = {isa = PBXBuildFile; fileRef = 64E665752A9A92B300E41D4D /* ContentViewModel.swift */; };
/* End PBXBuildFile section */

/* Begin PBXFileReference section */
		6401A11A2D6F977F0057E155 /* InboxViewViewModel.swift */ = {isa = PBXFileReference; lastKnownFileType = sourcecode.swift; path = InboxViewViewModel.swift; sourceTree = "<group>"; };
		642E38EC2A95311C00D89852 /* LoginViewModel.swift */ = {isa = PBXFileReference; lastKnownFileType = sourcecode.swift; path = LoginViewModel.swift; sourceTree = "<group>"; };
		642E38EE2A95317100D89852 /* RegistrationViewModel.swift */ = {isa = PBXFileReference; lastKnownFileType = sourcecode.swift; path = RegistrationViewModel.swift; sourceTree = "<group>"; };
		642E38F02A95318C00D89852 /* AuthService.swift */ = {isa = PBXFileReference; lastKnownFileType = sourcecode.swift; path = AuthService.swift; sourceTree = "<group>"; };
		644FC4132D725583003C0007 /* NewMessageViewViewModel.swift */ = {isa = PBXFileReference; lastKnownFileType = sourcecode.swift; path = NewMessageViewViewModel.swift; sourceTree = "<group>"; };
		645571E82A5DBB460050558F /* CircularProfileImageView.swift */ = {isa = PBXFileReference; lastKnownFileType = sourcecode.swift; path = CircularProfileImageView.swift; sourceTree = "<group>"; };
		645571EB2A5DC1040050558F /* ChatView.swift */ = {isa = PBXFileReference; lastKnownFileType = sourcecode.swift; path = ChatView.swift; sourceTree = "<group>"; };
		64612D392A4F619800F1BB63 /* RegistrationView.swift */ = {isa = PBXFileReference; lastKnownFileType = sourcecode.swift; path = RegistrationView.swift; sourceTree = "<group>"; };
		647B13DB2D6E72000049D5CF /* UserService.swift */ = {isa = PBXFileReference; lastKnownFileType = sourcecode.swift; path = UserService.swift; sourceTree = "<group>"; };
		6482C5B72A55D2A300031393 /* ProfileView.swift */ = {isa = PBXFileReference; lastKnownFileType = sourcecode.swift; path = ProfileView.swift; sourceTree = "<group>"; };
		6482C5B92A5614F900031393 /* SettingsOptionsViewModel.swift */ = {isa = PBXFileReference; lastKnownFileType = sourcecode.swift; path = SettingsOptionsViewModel.swift; sourceTree = "<group>"; };
		6482C5BB2A58785D00031393 /* ProfileViewModel.swift */ = {isa = PBXFileReference; lastKnownFileType = sourcecode.swift; path = ProfileViewModel.swift; sourceTree = "<group>"; };
		6482C5BD2A588A0300031393 /* User.swift */ = {isa = PBXFileReference; lastKnownFileType = sourcecode.swift; path = User.swift; sourceTree = "<group>"; };
		6495F7952D77903500A1F28D /* Message.swift */ = {isa = PBXFileReference; lastKnownFileType = sourcecode.swift; path = Message.swift; sourceTree = "<group>"; };
		6495F7972D77928400A1F28D /* MessageService.swift */ = {isa = PBXFileReference; lastKnownFileType = sourcecode.swift; path = MessageService.swift; sourceTree = "<group>"; };
		64B9BDFE2A4AD9B70023B6D7 /* MessengerClone.app */ = {isa = PBXFileReference; explicitFileType = wrapper.application; includeInIndex = 0; path = MessengerClone.app; sourceTree = BUILT_PRODUCTS_DIR; };
		64B9BE012A4AD9B70023B6D7 /* MessengerCloneApp.swift */ = {isa = PBXFileReference; lastKnownFileType = sourcecode.swift; path = MessengerCloneApp.swift; sourceTree = "<group>"; };
		64B9BE032A4AD9B70023B6D7 /* ContentView.swift */ = {isa = PBXFileReference; lastKnownFileType = sourcecode.swift; path = ContentView.swift; sourceTree = "<group>"; };
		64B9BE052A4AD9B80023B6D7 /* Assets.xcassets */ = {isa = PBXFileReference; lastKnownFileType = folder.assetcatalog; path = Assets.xcassets; sourceTree = "<group>"; };
		64B9BE082A4AD9B80023B6D7 /* Preview Assets.xcassets */ = {isa = PBXFileReference; lastKnownFileType = folder.assetcatalog; path = "Preview Assets.xcassets"; sourceTree = "<group>"; };
		64B9BE192A4ADB580023B6D7 /* LoginView.swift */ = {isa = PBXFileReference; lastKnownFileType = sourcecode.swift; path = LoginView.swift; sourceTree = "<group>"; };
		64B9BE1F2A4ADD820023B6D7 /* TextFieldModifier.swift */ = {isa = PBXFileReference; lastKnownFileType = sourcecode.swift; path = TextFieldModifier.swift; sourceTree = "<group>"; };
		64B9BE212A4ADF3A0023B6D7 /* CustomButtonModifier.swift */ = {isa = PBXFileReference; lastKnownFileType = sourcecode.swift; path = CustomButtonModifier.swift; sourceTree = "<group>"; };
		64DC3F3A2A53291400FA6DA1 /* InboxView.swift */ = {isa = PBXFileReference; lastKnownFileType = sourcecode.swift; path = InboxView.swift; sourceTree = "<group>"; };
		64DC3F3D2A5329FC00FA6DA1 /* ActiveNowView.swift */ = {isa = PBXFileReference; lastKnownFileType = sourcecode.swift; path = ActiveNowView.swift; sourceTree = "<group>"; };
		64DC3F3F2A534A9900FA6DA1 /* InboxRowView.swift */ = {isa = PBXFileReference; lastKnownFileType = sourcecode.swift; path = InboxRowView.swift; sourceTree = "<group>"; };
		64DC3F422A536D0C00FA6DA1 /* NewMessageView.swift */ = {isa = PBXFileReference; lastKnownFileType = sourcecode.swift; path = NewMessageView.swift; sourceTree = "<group>"; };
		64E4D67F2A94EE1A006969E8 /* ChatMessageCell.swift */ = {isa = PBXFileReference; lastKnownFileType = sourcecode.swift; path = ChatMessageCell.swift; sourceTree = "<group>"; };
		64E4D6812A94F1EF006969E8 /* ChatBubble.swift */ = {isa = PBXFileReference; lastKnownFileType = sourcecode.swift; path = ChatBubble.swift; sourceTree = "<group>"; };
		64E4D6832A9520C9006969E8 /* GoogleService-Info.plist */ = {isa = PBXFileReference; fileEncoding = 4; lastKnownFileType = text.plist.xml; path = "GoogleService-Info.plist"; sourceTree = "<group>"; };
		64E665752A9A92B300E41D4D /* ContentViewModel.swift */ = {isa = PBXFileReference; lastKnownFileType = sourcecode.swift; path = ContentViewModel.swift; sourceTree = "<group>"; };
/* End PBXFileReference section */

/* Begin PBXFrameworksBuildPhase section */
		64B9BDFB2A4AD9B70023B6D7 /* Frameworks */ = {
			isa = PBXFrameworksBuildPhase;
			buildActionMask = 2147483647;
			files = (
				64E4D6872A952168006969E8 /* FirebaseAuth in Frameworks */,
				64E4D68D2A952168006969E8 /* FirebaseStorage in Frameworks */,
				64E4D6892A952168006969E8 /* FirebaseFirestore in Frameworks */,
				64E4D68B2A952168006969E8 /* FirebaseFirestoreSwift in Frameworks */,
			);
			runOnlyForDeploymentPostprocessing = 0;
		};
/* End PBXFrameworksBuildPhase section */

/* Begin PBXGroup section */
		6401A1172D6F97570057E155 /* Views */ = {
			isa = PBXGroup;
			children = (
				64DC3F3F2A534A9900FA6DA1 /* InboxRowView.swift */,
				64DC3F3A2A53291400FA6DA1 /* InboxView.swift */,
			);
			path = Views;
			sourceTree = "<group>";
		};
		6401A1192D6F97680057E155 /* ViewModel */ = {
			isa = PBXGroup;
			children = (
				6401A11A2D6F977F0057E155 /* InboxViewViewModel.swift */,
			);
			path = ViewModel;
			sourceTree = "<group>";
		};
		642E38EA2A95310200D89852 /* Service */ = {
			isa = PBXGroup;
			children = (
				642E38F02A95318C00D89852 /* AuthService.swift */,
			);
			path = Service;
			sourceTree = "<group>";
		};
		642E38EB2A95310900D89852 /* ViewModel */ = {
			isa = PBXGroup;
			children = (
				642E38EC2A95311C00D89852 /* LoginViewModel.swift */,
				642E38EE2A95317100D89852 /* RegistrationViewModel.swift */,
			);
			path = ViewModel;
			sourceTree = "<group>";
		};
		644FC4112D725573003C0007 /* View Models */ = {
			isa = PBXGroup;
			children = (
				644FC4132D725583003C0007 /* NewMessageViewViewModel.swift */,
			);
			path = "View Models";
			sourceTree = "<group>";
		};
		644FC4122D725576003C0007 /* Views */ = {
			isa = PBXGroup;
			children = (
				64DC3F422A536D0C00FA6DA1 /* NewMessageView.swift */,
			);
			path = Views;
			sourceTree = "<group>";
		};
		645571E72A5DBB1B0050558F /* Components */ = {
			isa = PBXGroup;
			children = (
				645571E82A5DBB460050558F /* CircularProfileImageView.swift */,
			);
			path = Components;
			sourceTree = "<group>";
		};
		645571EA2A5DC0F40050558F /* Chat */ = {
			isa = PBXGroup;
			children = (
				645571EB2A5DC1040050558F /* ChatView.swift */,
				64E4D67F2A94EE1A006969E8 /* ChatMessageCell.swift */,
				64E4D6812A94F1EF006969E8 /* ChatBubble.swift */,
			);
			path = Chat;
			sourceTree = "<group>";
		};
		6482C5B42A55D28100031393 /* Profile */ = {
			isa = PBXGroup;
			children = (
				6482C5B52A55D28C00031393 /* View */,
				6482C5B62A55D29200031393 /* ViewModel */,
			);
			path = Profile;
			sourceTree = "<group>";
		};
		6482C5B52A55D28C00031393 /* View */ = {
			isa = PBXGroup;
			children = (
				6482C5B72A55D2A300031393 /* ProfileView.swift */,
			);
			path = View;
			sourceTree = "<group>";
		};
		6482C5B62A55D29200031393 /* ViewModel */ = {
			isa = PBXGroup;
			children = (
				6482C5BB2A58785D00031393 /* ProfileViewModel.swift */,
				6482C5B92A5614F900031393 /* SettingsOptionsViewModel.swift */,
			);
			path = ViewModel;
			sourceTree = "<group>";
		};
		64B9BDF52A4AD9B70023B6D7 = {
			isa = PBXGroup;
			children = (
				64B9BE002A4AD9B70023B6D7 /* MessengerClone */,
				64B9BDFF2A4AD9B70023B6D7 /* Products */,
			);
			sourceTree = "<group>";
		};
		64B9BDFF2A4AD9B70023B6D7 /* Products */ = {
			isa = PBXGroup;
			children = (
				64B9BDFE2A4AD9B70023B6D7 /* MessengerClone.app */,
			);
			name = Products;
			sourceTree = "<group>";
		};
		64B9BE002A4AD9B70023B6D7 /* MessengerClone */ = {
			isa = PBXGroup;
			children = (
				64B9BE012A4AD9B70023B6D7 /* MessengerCloneApp.swift */,
				64B9BE032A4AD9B70023B6D7 /* ContentView.swift */,
				64B9BE142A4ADB210023B6D7 /* Core */,
				64B9BE132A4ADB130023B6D7 /* Service */,
				64B9BE1B2A4ADD460023B6D7 /* Components */,
				64B9BE122A4ADAEA0023B6D7 /* Extensions */,
				64B9BE112A4ADAE30023B6D7 /* DataModels */,
				64B9BE052A4AD9B80023B6D7 /* Assets.xcassets */,
				64E4D6832A9520C9006969E8 /* GoogleService-Info.plist */,
				64B9BE072A4AD9B80023B6D7 /* Preview Content */,
			);
			path = MessengerClone;
			sourceTree = "<group>";
		};
		64B9BE072A4AD9B80023B6D7 /* Preview Content */ = {
			isa = PBXGroup;
			children = (
				64B9BE082A4AD9B80023B6D7 /* Preview Assets.xcassets */,
			);
			path = "Preview Content";
			sourceTree = "<group>";
		};
		64B9BE112A4ADAE30023B6D7 /* DataModels */ = {
			isa = PBXGroup;
			children = (
				6482C5BD2A588A0300031393 /* User.swift */,
				6495F7952D77903500A1F28D /* Message.swift */,
			);
			path = DataModels;
			sourceTree = "<group>";
		};
		64B9BE122A4ADAEA0023B6D7 /* Extensions */ = {
			isa = PBXGroup;
			children = (
			);
			path = Extensions;
			sourceTree = "<group>";
		};
		64B9BE132A4ADB130023B6D7 /* Service */ = {
			isa = PBXGroup;
			children = (
				647B13DB2D6E72000049D5CF /* UserService.swift */,
				6495F7972D77928400A1F28D /* MessageService.swift */,
			);
			path = Service;
			sourceTree = "<group>";
		};
		64B9BE142A4ADB210023B6D7 /* Core */ = {
			isa = PBXGroup;
			children = (
				64DC3F3C2A5329EC00FA6DA1 /* ActiveNow */,
				64B9BE152A4ADB300023B6D7 /* Authentication */,
				645571EA2A5DC0F40050558F /* Chat */,
				645571E72A5DBB1B0050558F /* Components */,
				64DC3F392A53290000FA6DA1 /* Inbox */,
				64DC3F412A536CF900FA6DA1 /* NewMessage */,
				6482C5B42A55D28100031393 /* Profile */,
				64B9BE162A4ADB360023B6D7 /* Root */,
			);
			path = Core;
			sourceTree = "<group>";
		};
		64B9BE152A4ADB300023B6D7 /* Authentication */ = {
			isa = PBXGroup;
			children = (
				642E38EA2A95310200D89852 /* Service */,
				64B9BE172A4ADB430023B6D7 /* View */,
				642E38EB2A95310900D89852 /* ViewModel */,
			);
			path = Authentication;
			sourceTree = "<group>";
		};
		64B9BE162A4ADB360023B6D7 /* Root */ = {
			isa = PBXGroup;
			children = (
				64E665742A9A927400E41D4D /* ViewModel */,
			);
			path = Root;
			sourceTree = "<group>";
		};
		64B9BE172A4ADB430023B6D7 /* View */ = {
			isa = PBXGroup;
			children = (
				64B9BE192A4ADB580023B6D7 /* LoginView.swift */,
				64612D392A4F619800F1BB63 /* RegistrationView.swift */,
			);
			path = View;
			sourceTree = "<group>";
		};
		64B9BE1B2A4ADD460023B6D7 /* Components */ = {
			isa = PBXGroup;
			children = (
				64B9BE1E2A4ADD640023B6D7 /* Views */,
				64B9BE1C2A4ADD500023B6D7 /* View Model */,
				64B9BE1F2A4ADD820023B6D7 /* TextFieldModifier.swift */,
				64B9BE212A4ADF3A0023B6D7 /* CustomButtonModifier.swift */,
			);
			path = Components;
			sourceTree = "<group>";
		};
		64B9BE1C2A4ADD500023B6D7 /* View Model */ = {
			isa = PBXGroup;
			children = (
			);
			path = "View Model";
			sourceTree = "<group>";
		};
		64B9BE1E2A4ADD640023B6D7 /* Views */ = {
			isa = PBXGroup;
			children = (
			);
			path = Views;
			sourceTree = "<group>";
		};
		64DC3F392A53290000FA6DA1 /* Inbox */ = {
			isa = PBXGroup;
			children = (
				6401A1192D6F97680057E155 /* ViewModel */,
				6401A1172D6F97570057E155 /* Views */,
			);
			path = Inbox;
			sourceTree = "<group>";
		};
		64DC3F3C2A5329EC00FA6DA1 /* ActiveNow */ = {
			isa = PBXGroup;
			children = (
				64DC3F3D2A5329FC00FA6DA1 /* ActiveNowView.swift */,
			);
			path = ActiveNow;
			sourceTree = "<group>";
		};
		64DC3F412A536CF900FA6DA1 /* NewMessage */ = {
			isa = PBXGroup;
			children = (
				644FC4112D725573003C0007 /* View Models */,
				644FC4122D725576003C0007 /* Views */,
			);
			path = NewMessage;
			sourceTree = "<group>";
		};
		64E665742A9A927400E41D4D /* ViewModel */ = {
			isa = PBXGroup;
			children = (
				64E665752A9A92B300E41D4D /* ContentViewModel.swift */,
			);
			path = ViewModel;
			sourceTree = "<group>";
		};
/* End PBXGroup section */

/* Begin PBXNativeTarget section */
		64B9BDFD2A4AD9B70023B6D7 /* MessengerClone */ = {
			isa = PBXNativeTarget;
			buildConfigurationList = 64B9BE0C2A4AD9B80023B6D7 /* Build configuration list for PBXNativeTarget "MessengerClone" */;
			buildPhases = (
				64B9BDFA2A4AD9B70023B6D7 /* Sources */,
				64B9BDFB2A4AD9B70023B6D7 /* Frameworks */,
				64B9BDFC2A4AD9B70023B6D7 /* Resources */,
			);
			buildRules = (
			);
			dependencies = (
			);
			name = MessengerClone;
			packageProductDependencies = (
				64E4D6862A952168006969E8 /* FirebaseAuth */,
				64E4D6882A952168006969E8 /* FirebaseFirestore */,
				64E4D68A2A952168006969E8 /* FirebaseFirestoreSwift */,
				64E4D68C2A952168006969E8 /* FirebaseStorage */,
			);
			productName = MessengerClone;
			productReference = 64B9BDFE2A4AD9B70023B6D7 /* MessengerClone.app */;
			productType = "com.apple.product-type.application";
		};
/* End PBXNativeTarget section */

/* Begin PBXProject section */
		64B9BDF62A4AD9B70023B6D7 /* Project object */ = {
			isa = PBXProject;
			attributes = {
				BuildIndependentTargetsInParallel = 1;
				LastSwiftUpdateCheck = 1430;
				LastUpgradeCheck = 1620;
				TargetAttributes = {
					64B9BDFD2A4AD9B70023B6D7 = {
						CreatedOnToolsVersion = 14.3.1;
					};
				};
			};
			buildConfigurationList = 64B9BDF92A4AD9B70023B6D7 /* Build configuration list for PBXProject "MessengerClone" */;
			compatibilityVersion = "Xcode 14.0";
			developmentRegion = en;
			hasScannedForEncodings = 0;
			knownRegions = (
				en,
				Base,
			);
			mainGroup = 64B9BDF52A4AD9B70023B6D7;
			packageReferences = (
				64E4D6852A952168006969E8 /* XCRemoteSwiftPackageReference "firebase-ios-sdk" */,
			);
			productRefGroup = 64B9BDFF2A4AD9B70023B6D7 /* Products */;
			projectDirPath = "";
			projectRoot = "";
			targets = (
				64B9BDFD2A4AD9B70023B6D7 /* MessengerClone */,
			);
		};
/* End PBXProject section */

/* Begin PBXResourcesBuildPhase section */
		64B9BDFC2A4AD9B70023B6D7 /* Resources */ = {
			isa = PBXResourcesBuildPhase;
			buildActionMask = 2147483647;
			files = (
				64B9BE092A4AD9B80023B6D7 /* Preview Assets.xcassets in Resources */,
				64B9BE062A4AD9B80023B6D7 /* Assets.xcassets in Resources */,
				64E4D6842A9520C9006969E8 /* GoogleService-Info.plist in Resources */,
			);
			runOnlyForDeploymentPostprocessing = 0;
		};
/* End PBXResourcesBuildPhase section */

/* Begin PBXSourcesBuildPhase section */
		64B9BDFA2A4AD9B70023B6D7 /* Sources */ = {
			isa = PBXSourcesBuildPhase;
			buildActionMask = 2147483647;
			files = (
				64B9BE1A2A4ADB580023B6D7 /* LoginView.swift in Sources */,
				64DC3F3E2A5329FC00FA6DA1 /* ActiveNowView.swift in Sources */,
				64E4D6802A94EE1A006969E8 /* ChatMessageCell.swift in Sources */,
				6482C5BA2A5614F900031393 /* SettingsOptionsViewModel.swift in Sources */,
				64B9BE042A4AD9B70023B6D7 /* ContentView.swift in Sources */,
				642E38EF2A95317100D89852 /* RegistrationViewModel.swift in Sources */,
				644FC4142D725583003C0007 /* NewMessageViewViewModel.swift in Sources */,
				642E38F12A95318C00D89852 /* AuthService.swift in Sources */,
				647B13DC2D6E72000049D5CF /* UserService.swift in Sources */,
				6495F7962D77903500A1F28D /* Message.swift in Sources */,
				645571EC2A5DC1040050558F /* ChatView.swift in Sources */,
				645571E92A5DBB460050558F /* CircularProfileImageView.swift in Sources */,
				6401A11B2D6F977F0057E155 /* InboxViewViewModel.swift in Sources */,
				6495F7982D77928400A1F28D /* MessageService.swift in Sources */,
				64E4D6822A94F1EF006969E8 /* ChatBubble.swift in Sources */,
				64B9BE202A4ADD820023B6D7 /* TextFieldModifier.swift in Sources */,
				64DC3F402A534A9900FA6DA1 /* InboxRowView.swift in Sources */,
				6482C5BE2A588A0300031393 /* User.swift in Sources */,
				64DC3F3B2A53291400FA6DA1 /* InboxView.swift in Sources */,
				64612D3A2A4F619800F1BB63 /* RegistrationView.swift in Sources */,
				64B9BE022A4AD9B70023B6D7 /* MessengerCloneApp.swift in Sources */,
				64B9BE222A4ADF3A0023B6D7 /* CustomButtonModifier.swift in Sources */,
				6482C5BC2A58785D00031393 /* ProfileViewModel.swift in Sources */,
				64E665762A9A92B300E41D4D /* ContentViewModel.swift in Sources */,
				6482C5B82A55D2A300031393 /* ProfileView.swift in Sources */,
				642E38ED2A95311C00D89852 /* LoginViewModel.swift in Sources */,
				64DC3F432A536D0C00FA6DA1 /* NewMessageView.swift in Sources */,
			);
			runOnlyForDeploymentPostprocessing = 0;
		};
/* End PBXSourcesBuildPhase section */

/* Begin XCBuildConfiguration section */
		64B9BE0A2A4AD9B80023B6D7 /* Debug */ = {
			isa = XCBuildConfiguration;
			buildSettings = {
				ALWAYS_SEARCH_USER_PATHS = NO;
				ASSETCATALOG_COMPILER_GENERATE_SWIFT_ASSET_SYMBOL_EXTENSIONS = YES;
				CLANG_ANALYZER_NONNULL = YES;
				CLANG_ANALYZER_NUMBER_OBJECT_CONVERSION = YES_AGGRESSIVE;
				CLANG_CXX_LANGUAGE_STANDARD = "gnu++20";
				CLANG_ENABLE_MODULES = YES;
				CLANG_ENABLE_OBJC_ARC = YES;
				CLANG_ENABLE_OBJC_WEAK = YES;
				CLANG_WARN_BLOCK_CAPTURE_AUTORELEASING = YES;
				CLANG_WARN_BOOL_CONVERSION = YES;
				CLANG_WARN_COMMA = YES;
				CLANG_WARN_CONSTANT_CONVERSION = YES;
				CLANG_WARN_DEPRECATED_OBJC_IMPLEMENTATIONS = YES;
				CLANG_WARN_DIRECT_OBJC_ISA_USAGE = YES_ERROR;
				CLANG_WARN_DOCUMENTATION_COMMENTS = YES;
				CLANG_WARN_EMPTY_BODY = YES;
				CLANG_WARN_ENUM_CONVERSION = YES;
				CLANG_WARN_INFINITE_RECURSION = YES;
				CLANG_WARN_INT_CONVERSION = YES;
				CLANG_WARN_NON_LITERAL_NULL_CONVERSION = YES;
				CLANG_WARN_OBJC_IMPLICIT_RETAIN_SELF = YES;
				CLANG_WARN_OBJC_LITERAL_CONVERSION = YES;
				CLANG_WARN_OBJC_ROOT_CLASS = YES_ERROR;
				CLANG_WARN_QUOTED_INCLUDE_IN_FRAMEWORK_HEADER = YES;
				CLANG_WARN_RANGE_LOOP_ANALYSIS = YES;
				CLANG_WARN_STRICT_PROTOTYPES = YES;
				CLANG_WARN_SUSPICIOUS_MOVE = YES;
				CLANG_WARN_UNGUARDED_AVAILABILITY = YES_AGGRESSIVE;
				CLANG_WARN_UNREACHABLE_CODE = YES;
				CLANG_WARN__DUPLICATE_METHOD_MATCH = YES;
				COPY_PHASE_STRIP = NO;
				DEBUG_INFORMATION_FORMAT = dwarf;
				ENABLE_STRICT_OBJC_MSGSEND = YES;
				ENABLE_TESTABILITY = YES;
				ENABLE_USER_SCRIPT_SANDBOXING = YES;
				GCC_C_LANGUAGE_STANDARD = gnu11;
				GCC_DYNAMIC_NO_PIC = NO;
				GCC_NO_COMMON_BLOCKS = YES;
				GCC_OPTIMIZATION_LEVEL = 0;
				GCC_PREPROCESSOR_DEFINITIONS = (
					"DEBUG=1",
					"$(inherited)",
				);
				GCC_WARN_64_TO_32_BIT_CONVERSION = YES;
				GCC_WARN_ABOUT_RETURN_TYPE = YES_ERROR;
				GCC_WARN_UNDECLARED_SELECTOR = YES;
				GCC_WARN_UNINITIALIZED_AUTOS = YES_AGGRESSIVE;
				GCC_WARN_UNUSED_FUNCTION = YES;
				GCC_WARN_UNUSED_VARIABLE = YES;
				IPHONEOS_DEPLOYMENT_TARGET = 16.4;
				MTL_ENABLE_DEBUG_INFO = INCLUDE_SOURCE;
				MTL_FAST_MATH = YES;
				ONLY_ACTIVE_ARCH = YES;
				SDKROOT = iphoneos;
				SWIFT_ACTIVE_COMPILATION_CONDITIONS = DEBUG;
				SWIFT_OPTIMIZATION_LEVEL = "-Onone";
			};
			name = Debug;
		};
		64B9BE0B2A4AD9B80023B6D7 /* Release */ = {
			isa = XCBuildConfiguration;
			buildSettings = {
				ALWAYS_SEARCH_USER_PATHS = NO;
				ASSETCATALOG_COMPILER_GENERATE_SWIFT_ASSET_SYMBOL_EXTENSIONS = YES;
				CLANG_ANALYZER_NONNULL = YES;
				CLANG_ANALYZER_NUMBER_OBJECT_CONVERSION = YES_AGGRESSIVE;
				CLANG_CXX_LANGUAGE_STANDARD = "gnu++20";
				CLANG_ENABLE_MODULES = YES;
				CLANG_ENABLE_OBJC_ARC = YES;
				CLANG_ENABLE_OBJC_WEAK = YES;
				CLANG_WARN_BLOCK_CAPTURE_AUTORELEASING = YES;
				CLANG_WARN_BOOL_CONVERSION = YES;
				CLANG_WARN_COMMA = YES;
				CLANG_WARN_CONSTANT_CONVERSION = YES;
				CLANG_WARN_DEPRECATED_OBJC_IMPLEMENTATIONS = YES;
				CLANG_WARN_DIRECT_OBJC_ISA_USAGE = YES_ERROR;
				CLANG_WARN_DOCUMENTATION_COMMENTS = YES;
				CLANG_WARN_EMPTY_BODY = YES;
				CLANG_WARN_ENUM_CONVERSION = YES;
				CLANG_WARN_INFINITE_RECURSION = YES;
				CLANG_WARN_INT_CONVERSION = YES;
				CLANG_WARN_NON_LITERAL_NULL_CONVERSION = YES;
				CLANG_WARN_OBJC_IMPLICIT_RETAIN_SELF = YES;
				CLANG_WARN_OBJC_LITERAL_CONVERSION = YES;
				CLANG_WARN_OBJC_ROOT_CLASS = YES_ERROR;
				CLANG_WARN_QUOTED_INCLUDE_IN_FRAMEWORK_HEADER = YES;
				CLANG_WARN_RANGE_LOOP_ANALYSIS = YES;
				CLANG_WARN_STRICT_PROTOTYPES = YES;
				CLANG_WARN_SUSPICIOUS_MOVE = YES;
				CLANG_WARN_UNGUARDED_AVAILABILITY = YES_AGGRESSIVE;
				CLANG_WARN_UNREACHABLE_CODE = YES;
				CLANG_WARN__DUPLICATE_METHOD_MATCH = YES;
				COPY_PHASE_STRIP = NO;
				DEBUG_INFORMATION_FORMAT = "dwarf-with-dsym";
				ENABLE_NS_ASSERTIONS = NO;
				ENABLE_STRICT_OBJC_MSGSEND = YES;
				ENABLE_USER_SCRIPT_SANDBOXING = YES;
				GCC_C_LANGUAGE_STANDARD = gnu11;
				GCC_NO_COMMON_BLOCKS = YES;
				GCC_WARN_64_TO_32_BIT_CONVERSION = YES;
				GCC_WARN_ABOUT_RETURN_TYPE = YES_ERROR;
				GCC_WARN_UNDECLARED_SELECTOR = YES;
				GCC_WARN_UNINITIALIZED_AUTOS = YES_AGGRESSIVE;
				GCC_WARN_UNUSED_FUNCTION = YES;
				GCC_WARN_UNUSED_VARIABLE = YES;
				IPHONEOS_DEPLOYMENT_TARGET = 16.4;
				MTL_ENABLE_DEBUG_INFO = NO;
				MTL_FAST_MATH = YES;
				SDKROOT = iphoneos;
				SWIFT_COMPILATION_MODE = wholemodule;
				SWIFT_OPTIMIZATION_LEVEL = "-O";
				VALIDATE_PRODUCT = YES;
			};
			name = Release;
		};
		64B9BE0D2A4AD9B80023B6D7 /* Debug */ = {
			isa = XCBuildConfiguration;
			buildSettings = {
				ASSETCATALOG_COMPILER_APPICON_NAME = AppIcon;
				ASSETCATALOG_COMPILER_GLOBAL_ACCENT_COLOR_NAME = AccentColor;
				CODE_SIGN_STYLE = Automatic;
				CURRENT_PROJECT_VERSION = 1;
				DEVELOPMENT_ASSET_PATHS = "\"MessengerClone/Preview Content\"";
				DEVELOPMENT_TEAM = N8877H53MP;
				ENABLE_PREVIEWS = YES;
				GENERATE_INFOPLIST_FILE = YES;
				INFOPLIST_KEY_LSApplicationCategoryType = "public.app-category.social-networking";
				INFOPLIST_KEY_UIApplicationSceneManifest_Generation = YES;
				INFOPLIST_KEY_UIApplicationSupportsIndirectInputEvents = YES;
				INFOPLIST_KEY_UILaunchScreen_Generation = YES;
				INFOPLIST_KEY_UIStatusBarStyle = "";
				INFOPLIST_KEY_UISupportedInterfaceOrientations = UIInterfaceOrientationPortrait;
				LD_RUNPATH_SEARCH_PATHS = (
					"$(inherited)",
					"@executable_path/Frameworks",
				);
				MARKETING_VERSION = 1.0;
				PRODUCT_BUNDLE_IDENTIFIER = com.lefthandedapps.MessengerClone;
				PRODUCT_NAME = "$(TARGET_NAME)";
				SUPPORTED_PLATFORMS = "iphoneos iphonesimulator";
				SUPPORTS_MACCATALYST = NO;
				SUPPORTS_MAC_DESIGNED_FOR_IPHONE_IPAD = NO;
				SUPPORTS_XR_DESIGNED_FOR_IPHONE_IPAD = NO;
				SWIFT_EMIT_LOC_STRINGS = YES;
				SWIFT_VERSION = 5.0;
				TARGETED_DEVICE_FAMILY = 1;
			};
			name = Debug;
		};
		64B9BE0E2A4AD9B80023B6D7 /* Release */ = {
			isa = XCBuildConfiguration;
			buildSettings = {
				ASSETCATALOG_COMPILER_APPICON_NAME = AppIcon;
				ASSETCATALOG_COMPILER_GLOBAL_ACCENT_COLOR_NAME = AccentColor;
				CODE_SIGN_STYLE = Automatic;
				CURRENT_PROJECT_VERSION = 1;
				DEVELOPMENT_ASSET_PATHS = "\"MessengerClone/Preview Content\"";
				DEVELOPMENT_TEAM = N8877H53MP;
				ENABLE_PREVIEWS = YES;
				GENERATE_INFOPLIST_FILE = YES;
				INFOPLIST_KEY_LSApplicationCategoryType = "public.app-category.social-networking";
				INFOPLIST_KEY_UIApplicationSceneManifest_Generation = YES;
				INFOPLIST_KEY_UIApplicationSupportsIndirectInputEvents = YES;
				INFOPLIST_KEY_UILaunchScreen_Generation = YES;
				INFOPLIST_KEY_UIStatusBarStyle = "";
				INFOPLIST_KEY_UISupportedInterfaceOrientations = UIInterfaceOrientationPortrait;
				LD_RUNPATH_SEARCH_PATHS = (
					"$(inherited)",
					"@executable_path/Frameworks",
				);
				MARKETING_VERSION = 1.0;
				PRODUCT_BUNDLE_IDENTIFIER = com.lefthandedapps.MessengerClone;
				PRODUCT_NAME = "$(TARGET_NAME)";
				SUPPORTED_PLATFORMS = "iphoneos iphonesimulator";
				SUPPORTS_MACCATALYST = NO;
				SUPPORTS_MAC_DESIGNED_FOR_IPHONE_IPAD = NO;
				SUPPORTS_XR_DESIGNED_FOR_IPHONE_IPAD = NO;
				SWIFT_EMIT_LOC_STRINGS = YES;
				SWIFT_VERSION = 5.0;
				TARGETED_DEVICE_FAMILY = 1;
			};
			name = Release;
		};
/* End XCBuildConfiguration section */

/* Begin XCConfigurationList section */
		64B9BDF92A4AD9B70023B6D7 /* Build configuration list for PBXProject "MessengerClone" */ = {
			isa = XCConfigurationList;
			buildConfigurations = (
				64B9BE0A2A4AD9B80023B6D7 /* Debug */,
				64B9BE0B2A4AD9B80023B6D7 /* Release */,
			);
			defaultConfigurationIsVisible = 0;
			defaultConfigurationName = Release;
		};
		64B9BE0C2A4AD9B80023B6D7 /* Build configuration list for PBXNativeTarget "MessengerClone" */ = {
			isa = XCConfigurationList;
			buildConfigurations = (
				64B9BE0D2A4AD9B80023B6D7 /* Debug */,
				64B9BE0E2A4AD9B80023B6D7 /* Release */,
			);
			defaultConfigurationIsVisible = 0;
			defaultConfigurationName = Release;
		};
/* End XCConfigurationList section */

/* Begin XCRemoteSwiftPackageReference section */
		64E4D6852A952168006969E8 /* XCRemoteSwiftPackageReference "firebase-ios-sdk" */ = {
			isa = XCRemoteSwiftPackageReference;
			repositoryURL = "https://github.com/firebase/firebase-ios-sdk";
			requirement = {
				kind = upToNextMajorVersion;
				minimumVersion = 10.0.0;
			};
		};
/* End XCRemoteSwiftPackageReference section */

/* Begin XCSwiftPackageProductDependency section */
		64E4D6862A952168006969E8 /* FirebaseAuth */ = {
			isa = XCSwiftPackageProductDependency;
			package = 64E4D6852A952168006969E8 /* XCRemoteSwiftPackageReference "firebase-ios-sdk" */;
			productName = FirebaseAuth;
		};
		64E4D6882A952168006969E8 /* FirebaseFirestore */ = {
			isa = XCSwiftPackageProductDependency;
			package = 64E4D6852A952168006969E8 /* XCRemoteSwiftPackageReference "firebase-ios-sdk" */;
			productName = FirebaseFirestore;
		};
		64E4D68A2A952168006969E8 /* FirebaseFirestoreSwift */ = {
			isa = XCSwiftPackageProductDependency;
			package = 64E4D6852A952168006969E8 /* XCRemoteSwiftPackageReference "firebase-ios-sdk" */;
			productName = FirebaseFirestoreSwift;
		};
		64E4D68C2A952168006969E8 /* FirebaseStorage */ = {
			isa = XCSwiftPackageProductDependency;
			package = 64E4D6852A952168006969E8 /* XCRemoteSwiftPackageReference "firebase-ios-sdk" */;
			productName = FirebaseStorage;
		};
/* End XCSwiftPackageProductDependency section */
	};
	rootObject = 64B9BDF62A4AD9B70023B6D7 /* Project object */;
}
